
Microsoft Visual Studio Solution File, Format Version 12.00
# Visual Studio Version 16
VisualStudioVersion = 16.0.29123.88
MinimumVisualStudioVersion = 10.0.40219.1
Project("{FAE04EC0-301F-11D3-BF4B-00C04F79EFBC}") = "MicroService.Core", "MicroService.Core\MicroService.Core.csproj", "{2D3720A5-423A-405C-BD51-CBC204C39269}"
EndProject
Project("{FAE04EC0-301F-11D3-BF4B-00C04F79EFBC}") = "MicroService.Bus", "MicroService.Bus\MicroService.Bus.csproj", "{D198F3E8-15D7-44CC-A932-CE3D73B5F585}"
EndProject
Project("{FAE04EC0-301F-11D3-BF4B-00C04F79EFBC}") = "MicroService.IoC", "MicroService.IoC\MicroService.IoC.csproj", "{0B88A0D4-3147-423B-AD29-A51C1E391DD7}"
EndProject
Project("{2150E333-8FDC-42A3-9474-1A3956D46DE8}") = "MicroServices", "MicroServices", "{1EAA92D8-6D15-4089-9F1E-84C8B1E2D597}"
EndProject
Project("{2150E333-8FDC-42A3-9474-1A3956D46DE8}") = "Library", "Library", "{65F8FC5B-3A99-4073-9003-4ACA90A456E0}"
EndProject
Project("{2150E333-8FDC-42A3-9474-1A3956D46DE8}") = "Account", "Account", "{B78BFABD-A0C4-4291-BE49-3A1A871C104D}"
EndProject
Project("{2150E333-8FDC-42A3-9474-1A3956D46DE8}") = "Book", "Book", "{4AF67CA3-45B9-4368-8362-8D5F77F31EAB}"
EndProject
Project("{2150E333-8FDC-42A3-9474-1A3956D46DE8}") = "Log", "Log", "{F5FF87C0-14ED-4325-ADAE-47C3126115D8}"
EndProject
Project("{FAE04EC0-301F-11D3-BF4B-00C04F79EFBC}") = "MicroServices.Account.API", "MicroServices.Account.API\MicroServices.Account.API.csproj", "{40304746-8C2F-42CA-A712-6E995FB58BCE}"
EndProject
Project("{FAE04EC0-301F-11D3-BF4B-00C04F79EFBC}") = "MicroServices.Account.Application", "MicroServices.Account.Application\MicroServices.Account.Application.csproj", "{523F77BC-A279-4B36-BF30-0C21C60FDCF9}"
EndProject
Project("{FAE04EC0-301F-11D3-BF4B-00C04F79EFBC}") = "MicroServices.Account.Data", "MicroServices.Account.Data\MicroServices.Account.Data.csproj", "{FF0D2E09-CF8C-4347-9834-A5A87A2F52FB}"
EndProject
Project("{FAE04EC0-301F-11D3-BF4B-00C04F79EFBC}") = "MicroServices.Account.Domain", "MicroServices.Account.Domain\MicroServices.Account.Domain.csproj", "{984D62CD-BFC2-48A7-B1FC-3A39AA239BA1}"
EndProject
Project("{FAE04EC0-301F-11D3-BF4B-00C04F79EFBC}") = "MicroServices.Book.API", "MicroServices.Book.API\MicroServices.Book.API.csproj", "{477B6D7D-F70A-47D0-B33E-64622BD42896}"
EndProject
Project("{FAE04EC0-301F-11D3-BF4B-00C04F79EFBC}") = "MicroServices.Book.Application", "MicroServices.Book.Application\MicroServices.Book.Application.csproj", "{8BFE5A18-7073-482E-95CA-8D2AC2558D86}"
EndProject
Project("{FAE04EC0-301F-11D3-BF4B-00C04F79EFBC}") = "MicroServices.Book.Data", "MicroServices.Book.Data\MicroServices.Book.Data.csproj", "{DF52910D-C2A1-4C72-B712-385FEC216CBD}"
EndProject
Project("{FAE04EC0-301F-11D3-BF4B-00C04F79EFBC}") = "MicroServices.Book.Domain", "MicroServices.Book.Domain\MicroServices.Book.Domain.csproj", "{96227DF6-76A2-4E05-8192-FF077CFF407E}"
EndProject
Project("{FAE04EC0-301F-11D3-BF4B-00C04F79EFBC}") = "MicroServices.Library.API", "MicroServices.Library.API\MicroServices.Library.API.csproj", "{8DACDFFE-4485-4496-B40F-D88D48A42BEE}"
EndProject
Project("{FAE04EC0-301F-11D3-BF4B-00C04F79EFBC}") = "MicroServices.Library.Application", "MicroServices.Library.Application\MicroServices.Library.Application.csproj", "{0401F3F8-BF06-410B-9268-DC7528CFB10B}"
EndProject
Project("{FAE04EC0-301F-11D3-BF4B-00C04F79EFBC}") = "MicroServices.Library.Data", "MicroServices.Library.Data\MicroServices.Library.Data.csproj", "{24CA77E3-A872-4CC7-9B2E-0CFFE33D62D3}"
EndProject
Project("{FAE04EC0-301F-11D3-BF4B-00C04F79EFBC}") = "MicroService.Library.Domain", "MicroService.Library.Domain\MicroService.Library.Domain.csproj", "{E9A6F00F-2F89-4A4D-89CB-44440E6438D9}"
EndProject
Project("{FAE04EC0-301F-11D3-BF4B-00C04F79EFBC}") = "MicroServices.Log.API", "MicroServices.Log.API\MicroServices.Log.API.csproj", "{BBAE09CC-887C-4DC0-85F1-27FE6DAC5E46}"
EndProject
Project("{FAE04EC0-301F-11D3-BF4B-00C04F79EFBC}") = "MicroServices.Log.Application", "MicroServices.Log.Application\MicroServices.Log.Application.csproj", "{1A1F6551-F638-4297-835A-1E279D011009}"
EndProject
Project("{FAE04EC0-301F-11D3-BF4B-00C04F79EFBC}") = "MicroServices.Log.Data", "MicroServices.Log.Data\MicroServices.Log.Data.csproj", "{A1D46CC1-B671-457A-B264-5C10C0FCD431}"
EndProject
Project("{FAE04EC0-301F-11D3-BF4B-00C04F79EFBC}") = "MicroServices.Log.Domain", "MicroServices.Log.Domain\MicroServices.Log.Domain.csproj", "{8966A321-EFBB-4A35-9200-676E66BEF4E6}"
EndProject
Global
	GlobalSection(SolutionConfigurationPlatforms) = preSolution
		Debug|Any CPU = Debug|Any CPU
		Release|Any CPU = Release|Any CPU
	EndGlobalSection
	GlobalSection(ProjectConfigurationPlatforms) = postSolution
		{2D3720A5-423A-405C-BD51-CBC204C39269}.Debug|Any CPU.ActiveCfg = Debug|Any CPU
		{2D3720A5-423A-405C-BD51-CBC204C39269}.Debug|Any CPU.Build.0 = Debug|Any CPU
		{2D3720A5-423A-405C-BD51-CBC204C39269}.Release|Any CPU.ActiveCfg = Release|Any CPU
		{2D3720A5-423A-405C-BD51-CBC204C39269}.Release|Any CPU.Build.0 = Release|Any CPU
		{D198F3E8-15D7-44CC-A932-CE3D73B5F585}.Debug|Any CPU.ActiveCfg = Debug|Any CPU
		{D198F3E8-15D7-44CC-A932-CE3D73B5F585}.Debug|Any CPU.Build.0 = Debug|Any CPU
		{D198F3E8-15D7-44CC-A932-CE3D73B5F585}.Release|Any CPU.ActiveCfg = Release|Any CPU
		{D198F3E8-15D7-44CC-A932-CE3D73B5F585}.Release|Any CPU.Build.0 = Release|Any CPU
		{0B88A0D4-3147-423B-AD29-A51C1E391DD7}.Debug|Any CPU.ActiveCfg = Debug|Any CPU
		{0B88A0D4-3147-423B-AD29-A51C1E391DD7}.Debug|Any CPU.Build.0 = Debug|Any CPU
		{0B88A0D4-3147-423B-AD29-A51C1E391DD7}.Release|Any CPU.ActiveCfg = Release|Any CPU
		{0B88A0D4-3147-423B-AD29-A51C1E391DD7}.Release|Any CPU.Build.0 = Release|Any CPU
		{40304746-8C2F-42CA-A712-6E995FB58BCE}.Debug|Any CPU.ActiveCfg = Debug|Any CPU
		{40304746-8C2F-42CA-A712-6E995FB58BCE}.Debug|Any CPU.Build.0 = Debug|Any CPU
		{40304746-8C2F-42CA-A712-6E995FB58BCE}.Release|Any CPU.ActiveCfg = Release|Any CPU
		{40304746-8C2F-42CA-A712-6E995FB58BCE}.Release|Any CPU.Build.0 = Release|Any CPU
		{523F77BC-A279-4B36-BF30-0C21C60FDCF9}.Debug|Any CPU.ActiveCfg = Debug|Any CPU
		{523F77BC-A279-4B36-BF30-0C21C60FDCF9}.Debug|Any CPU.Build.0 = Debug|Any CPU
		{523F77BC-A279-4B36-BF30-0C21C60FDCF9}.Release|Any CPU.ActiveCfg = Release|Any CPU
		{523F77BC-A279-4B36-BF30-0C21C60FDCF9}.Release|Any CPU.Build.0 = Release|Any CPU
		{FF0D2E09-CF8C-4347-9834-A5A87A2F52FB}.Debug|Any CPU.ActiveCfg = Debug|Any CPU
		{FF0D2E09-CF8C-4347-9834-A5A87A2F52FB}.Debug|Any CPU.Build.0 = Debug|Any CPU
		{FF0D2E09-CF8C-4347-9834-A5A87A2F52FB}.Release|Any CPU.ActiveCfg = Release|Any CPU
		{FF0D2E09-CF8C-4347-9834-A5A87A2F52FB}.Release|Any CPU.Build.0 = Release|Any CPU
		{984D62CD-BFC2-48A7-B1FC-3A39AA239BA1}.Debug|Any CPU.ActiveCfg = Debug|Any CPU
		{984D62CD-BFC2-48A7-B1FC-3A39AA239BA1}.Debug|Any CPU.Build.0 = Debug|Any CPU
		{984D62CD-BFC2-48A7-B1FC-3A39AA239BA1}.Release|Any CPU.ActiveCfg = Release|Any CPU
		{984D62CD-BFC2-48A7-B1FC-3A39AA239BA1}.Release|Any CPU.Build.0 = Release|Any CPU
		{477B6D7D-F70A-47D0-B33E-64622BD42896}.Debug|Any CPU.ActiveCfg = Debug|Any CPU
		{477B6D7D-F70A-47D0-B33E-64622BD42896}.Debug|Any CPU.Build.0 = Debug|Any CPU
		{477B6D7D-F70A-47D0-B33E-64622BD42896}.Release|Any CPU.ActiveCfg = Release|Any CPU
		{477B6D7D-F70A-47D0-B33E-64622BD42896}.Release|Any CPU.Build.0 = Release|Any CPU
		{8BFE5A18-7073-482E-95CA-8D2AC2558D86}.Debug|Any CPU.ActiveCfg = Debug|Any CPU
		{8BFE5A18-7073-482E-95CA-8D2AC2558D86}.Debug|Any CPU.Build.0 = Debug|Any CPU
		{8BFE5A18-7073-482E-95CA-8D2AC2558D86}.Release|Any CPU.ActiveCfg = Release|Any CPU
		{8BFE5A18-7073-482E-95CA-8D2AC2558D86}.Release|Any CPU.Build.0 = Release|Any CPU
		{DF52910D-C2A1-4C72-B712-385FEC216CBD}.Debug|Any CPU.ActiveCfg = Debug|Any CPU
		{DF52910D-C2A1-4C72-B712-385FEC216CBD}.Debug|Any CPU.Build.0 = Debug|Any CPU
		{DF52910D-C2A1-4C72-B712-385FEC216CBD}.Release|Any CPU.ActiveCfg = Release|Any CPU
		{DF52910D-C2A1-4C72-B712-385FEC216CBD}.Release|Any CPU.Build.0 = Release|Any CPU
		{96227DF6-76A2-4E05-8192-FF077CFF407E}.Debug|Any CPU.ActiveCfg = Debug|Any CPU
		{96227DF6-76A2-4E05-8192-FF077CFF407E}.Debug|Any CPU.Build.0 = Debug|Any CPU
		{96227DF6-76A2-4E05-8192-FF077CFF407E}.Release|Any CPU.ActiveCfg = Release|Any CPU
		{96227DF6-76A2-4E05-8192-FF077CFF407E}.Release|Any CPU.Build.0 = Release|Any CPU
		{8DACDFFE-4485-4496-B40F-D88D48A42BEE}.Debug|Any CPU.ActiveCfg = Debug|Any CPU
		{8DACDFFE-4485-4496-B40F-D88D48A42BEE}.Debug|Any CPU.Build.0 = Debug|Any CPU
		{8DACDFFE-4485-4496-B40F-D88D48A42BEE}.Release|Any CPU.ActiveCfg = Release|Any CPU
		{8DACDFFE-4485-4496-B40F-D88D48A42BEE}.Release|Any CPU.Build.0 = Release|Any CPU
		{0401F3F8-BF06-410B-9268-DC7528CFB10B}.Debug|Any CPU.ActiveCfg = Debug|Any CPU
		{0401F3F8-BF06-410B-9268-DC7528CFB10B}.Debug|Any CPU.Build.0 = Debug|Any CPU
		{0401F3F8-BF06-410B-9268-DC7528CFB10B}.Release|Any CPU.ActiveCfg = Release|Any CPU
		{0401F3F8-BF06-410B-9268-DC7528CFB10B}.Release|Any CPU.Build.0 = Release|Any CPU
		{24CA77E3-A872-4CC7-9B2E-0CFFE33D62D3}.Debug|Any CPU.ActiveCfg = Debug|Any CPU
		{24CA77E3-A872-4CC7-9B2E-0CFFE33D62D3}.Debug|Any CPU.Build.0 = Debug|Any CPU
		{24CA77E3-A872-4CC7-9B2E-0CFFE33D62D3}.Release|Any CPU.ActiveCfg = Release|Any CPU
		{24CA77E3-A872-4CC7-9B2E-0CFFE33D62D3}.Release|Any CPU.Build.0 = Release|Any CPU
		{E9A6F00F-2F89-4A4D-89CB-44440E6438D9}.Debug|Any CPU.ActiveCfg = Debug|Any CPU
		{E9A6F00F-2F89-4A4D-89CB-44440E6438D9}.Debug|Any CPU.Build.0 = Debug|Any CPU
		{E9A6F00F-2F89-4A4D-89CB-44440E6438D9}.Release|Any CPU.ActiveCfg = Release|Any CPU
		{E9A6F00F-2F89-4A4D-89CB-44440E6438D9}.Release|Any CPU.Build.0 = Release|Any CPU
		{BBAE09CC-887C-4DC0-85F1-27FE6DAC5E46}.Debug|Any CPU.ActiveCfg = Debug|Any CPU
		{BBAE09CC-887C-4DC0-85F1-27FE6DAC5E46}.Debug|Any CPU.Build.0 = Debug|Any CPU
		{BBAE09CC-887C-4DC0-85F1-27FE6DAC5E46}.Release|Any CPU.ActiveCfg = Release|Any CPU
		{BBAE09CC-887C-4DC0-85F1-27FE6DAC5E46}.Release|Any CPU.Build.0 = Release|Any CPU
		{1A1F6551-F638-4297-835A-1E279D011009}.Debug|Any CPU.ActiveCfg = Debug|Any CPU
		{1A1F6551-F638-4297-835A-1E279D011009}.Debug|Any CPU.Build.0 = Debug|Any CPU
		{1A1F6551-F638-4297-835A-1E279D011009}.Release|Any CPU.ActiveCfg = Release|Any CPU
		{1A1F6551-F638-4297-835A-1E279D011009}.Release|Any CPU.Build.0 = Release|Any CPU
		{A1D46CC1-B671-457A-B264-5C10C0FCD431}.Debug|Any CPU.ActiveCfg = Debug|Any CPU
		{A1D46CC1-B671-457A-B264-5C10C0FCD431}.Debug|Any CPU.Build.0 = Debug|Any CPU
		{A1D46CC1-B671-457A-B264-5C10C0FCD431}.Release|Any CPU.ActiveCfg = Release|Any CPU
		{A1D46CC1-B671-457A-B264-5C10C0FCD431}.Release|Any CPU.Build.0 = Release|Any CPU
		{8966A321-EFBB-4A35-9200-676E66BEF4E6}.Debug|Any CPU.ActiveCfg = Debug|Any CPU
		{8966A321-EFBB-4A35-9200-676E66BEF4E6}.Debug|Any CPU.Build.0 = Debug|Any CPU
		{8966A321-EFBB-4A35-9200-676E66BEF4E6}.Release|Any CPU.ActiveCfg = Release|Any CPU
		{8966A321-EFBB-4A35-9200-676E66BEF4E6}.Release|Any CPU.Build.0 = Release|Any CPU
	EndGlobalSection
	GlobalSection(SolutionProperties) = preSolution
		HideSolutionNode = FALSE
	EndGlobalSection
	GlobalSection(NestedProjects) = preSolution
		{65F8FC5B-3A99-4073-9003-4ACA90A456E0} = {1EAA92D8-6D15-4089-9F1E-84C8B1E2D597}
		{B78BFABD-A0C4-4291-BE49-3A1A871C104D} = {1EAA92D8-6D15-4089-9F1E-84C8B1E2D597}
		{4AF67CA3-45B9-4368-8362-8D5F77F31EAB} = {1EAA92D8-6D15-4089-9F1E-84C8B1E2D597}
		{F5FF87C0-14ED-4325-ADAE-47C3126115D8} = {1EAA92D8-6D15-4089-9F1E-84C8B1E2D597}
		{40304746-8C2F-42CA-A712-6E995FB58BCE} = {B78BFABD-A0C4-4291-BE49-3A1A871C104D}
		{523F77BC-A279-4B36-BF30-0C21C60FDCF9} = {B78BFABD-A0C4-4291-BE49-3A1A871C104D}
		{FF0D2E09-CF8C-4347-9834-A5A87A2F52FB} = {B78BFABD-A0C4-4291-BE49-3A1A871C104D}
		{984D62CD-BFC2-48A7-B1FC-3A39AA239BA1} = {B78BFABD-A0C4-4291-BE49-3A1A871C104D}
		{477B6D7D-F70A-47D0-B33E-64622BD42896} = {4AF67CA3-45B9-4368-8362-8D5F77F31EAB}
		{8BFE5A18-7073-482E-95CA-8D2AC2558D86} = {4AF67CA3-45B9-4368-8362-8D5F77F31EAB}
		{DF52910D-C2A1-4C72-B712-385FEC216CBD} = {4AF67CA3-45B9-4368-8362-8D5F77F31EAB}
		{96227DF6-76A2-4E05-8192-FF077CFF407E} = {4AF67CA3-45B9-4368-8362-8D5F77F31EAB}
		{8DACDFFE-4485-4496-B40F-D88D48A42BEE} = {65F8FC5B-3A99-4073-9003-4ACA90A456E0}
		{0401F3F8-BF06-410B-9268-DC7528CFB10B} = {65F8FC5B-3A99-4073-9003-4ACA90A456E0}
		{24CA77E3-A872-4CC7-9B2E-0CFFE33D62D3} = {65F8FC5B-3A99-4073-9003-4ACA90A456E0}
		{E9A6F00F-2F89-4A4D-89CB-44440E6438D9} = {65F8FC5B-3A99-4073-9003-4ACA90A456E0}
		{BBAE09CC-887C-4DC0-85F1-27FE6DAC5E46} = {F5FF87C0-14ED-4325-ADAE-47C3126115D8}
		{1A1F6551-F638-4297-835A-1E279D011009} = {F5FF87C0-14ED-4325-ADAE-47C3126115D8}
		{A1D46CC1-B671-457A-B264-5C10C0FCD431} = {F5FF87C0-14ED-4325-ADAE-47C3126115D8}
		{8966A321-EFBB-4A35-9200-676E66BEF4E6} = {F5FF87C0-14ED-4325-ADAE-47C3126115D8}
	EndGlobalSection
	GlobalSection(ExtensibilityGlobals) = postSolution
		SolutionGuid = {A01A8868-543C-4691-B65C-6BB6B27F29CB}
	EndGlobalSection
EndGlobal
